Microsoft Visual Studio Solution File, Format Version 12.00
# Visual Studio Version 17
VisualStudioVersion = 17.13.36105.23
MinimumVisualStudioVersion = 10.0.40219.1
Project("{FAE04EC0-301F-11D3-BF4B-00C04F79EFBC}") = "random_password_generator_POLISHED", "random_password_generator_POLISHED.csproj", "{1D2DC826-289D-49B6-B083-F24D49FAB1E3}"
EndProject
Global
	GlobalSection(SolutionConfigurationPlatforms) = preSolution
		Debug|Any CPU = Debug|Any CPU
		Release|Any CPU = Release|Any CPU
	EndGlobalSection
	GlobalSection(ProjectConfigurationPlatforms) = postSolution
		{1D2DC826-289D-49B6-B083-F24D49FAB1E3}.Debug|Any CPU.ActiveCfg = Debug|Any CPU
		{1D2DC826-289D-49B6-B083-F24D49FAB1E3}.Debug|Any CPU.Build.0 = Debug|Any CPU
		{1D2DC826-289D-49B6-B083-F24D49FAB1E3}.Release|Any CPU.ActiveCfg = Release|Any CPU
		{1D2DC826-289D-49B6-B083-F24D49FAB1E3}.Release|Any CPU.Build.0 = Release|Any CPU
	EndGlobalSection
	GlobalSection(SolutionProperties) = preSolution
		HideSolutionNode = FALSE
	EndGlobalSection
	GlobalSection(ExtensibilityGlobals) = postSolution
		SolutionGuid = {A3E29170-6408-4ECF-A0B4-2A286A5E3E0F}
	EndGlobalSection
EndGlobal
