
Microsoft Visual Studio Solution File, Format Version 12.00
# Visual Studio Version 17
VisualStudioVersion = 17.14.37516.0 d17.14
MinimumVisualStudioVersion = 10.0.40219.1
Project("{FAE04EC0-301F-11D3-BF4B-00C04F79EFBC}") = "HackYourSummerProjectTwo", "HackYourSummerProjectTwo.csproj", "{67E1D8C5-31B4-446B-BF6C-103DE90578FA}"
EndProject
Global
	GlobalSection(SolutionConfigurationPlatforms) = preSolution
		Debug|Any CPU = Debug|Any CPU
		Release|Any CPU = Release|Any CPU
	EndGlobalSection
	GlobalSection(ProjectConfigurationPlatforms) = postSolution
		{67E1D8C5-31B4-446B-BF6C-103DE90578FA}.Debug|Any CPU.ActiveCfg = Debug|Any CPU
		{67E1D8C5-31B4-446B-BF6C-103DE90578FA}.Debug|Any CPU.Build.0 = Debug|Any CPU
		{67E1D8C5-31B4-446B-BF6C-103DE90578FA}.Release|Any CPU.ActiveCfg = Release|Any CPU
		{67E1D8C5-31B4-446B-BF6C-103DE90578FA}.Release|Any CPU.Build.0 = Release|Any CPU
	EndGlobalSection
	GlobalSection(SolutionProperties) = preSolution
		HideSolutionNode = FALSE
	EndGlobalSection
	GlobalSection(ExtensibilityGlobals) = postSolution
		SolutionGuid = {355FC5A4-C7D5-4935-885B-98A71D1645B2}
	EndGlobalSection
EndGlobal
