
Microsoft Visual Studio Solution File, Format Version 12.00
# Visual Studio Version 17
VisualStudioVersion = 17.14.36221.1 d17.14
MinimumVisualStudioVersion = 10.0.40219.1
Project("{FAE04EC0-301F-11D3-BF4B-00C04F79EFBC}") = "Jeopardy", "Jeopardy.csproj", "{1D14F032-E7A3-442F-BE42-940DF80FB08A}"
EndProject
Global
	GlobalSection(SolutionConfigurationPlatforms) = preSolution
		Debug|Any CPU = Debug|Any CPU
		Release|Any CPU = Release|Any CPU
	EndGlobalSection
	GlobalSection(ProjectConfigurationPlatforms) = postSolution
		{1D14F032-E7A3-442F-BE42-940DF80FB08A}.Debug|Any CPU.ActiveCfg = Debug|Any CPU
		{1D14F032-E7A3-442F-BE42-940DF80FB08A}.Debug|Any CPU.Build.0 = Debug|Any CPU
		{1D14F032-E7A3-442F-BE42-940DF80FB08A}.Release|Any CPU.ActiveCfg = Release|Any CPU
		{1D14F032-E7A3-442F-BE42-940DF80FB08A}.Release|Any CPU.Build.0 = Release|Any CPU
	EndGlobalSection
	GlobalSection(SolutionProperties) = preSolution
		HideSolutionNode = FALSE
	EndGlobalSection
	GlobalSection(ExtensibilityGlobals) = postSolution
		SolutionGuid = {5873975D-0A68-40C0-B959-F9E1CF3535BC}
	EndGlobalSection
EndGlobal
