
Microsoft Visual Studio Solution File, Format Version 12.00
# Visual Studio Version 17
VisualStudioVersion = 17.14.36616.10 d17.14
MinimumVisualStudioVersion = 10.0.40219.1
Project("{FAE04EC0-301F-11D3-BF4B-00C04F79EFBC}") = "chess playground", "chess playground.csproj", "{A559DF83-439A-4B74-BD14-4D377B53D400}"
EndProject
Global
	GlobalSection(SolutionConfigurationPlatforms) = preSolution
		Debug|Any CPU = Debug|Any CPU
		Release|Any CPU = Release|Any CPU
	EndGlobalSection
	GlobalSection(ProjectConfigurationPlatforms) = postSolution
		{A559DF83-439A-4B74-BD14-4D377B53D400}.Debug|Any CPU.ActiveCfg = Debug|Any CPU
		{A559DF83-439A-4B74-BD14-4D377B53D400}.Debug|Any CPU.Build.0 = Debug|Any CPU
		{A559DF83-439A-4B74-BD14-4D377B53D400}.Release|Any CPU.ActiveCfg = Release|Any CPU
		{A559DF83-439A-4B74-BD14-4D377B53D400}.Release|Any CPU.Build.0 = Release|Any CPU
	EndGlobalSection
	GlobalSection(SolutionProperties) = preSolution
		HideSolutionNode = FALSE
	EndGlobalSection
	GlobalSection(ExtensibilityGlobals) = postSolution
		SolutionGuid = {2F32EBFF-0FF4-4FFC-994A-DF61F549D227}
	EndGlobalSection
EndGlobal
