
Microsoft Visual Studio Solution File, Format Version 12.00
# Visual Studio Version 17
VisualStudioVersion = 17.14.36221.1 d17.14
MinimumVisualStudioVersion = 10.0.40219.1
Project("{FAE04EC0-301F-11D3-BF4B-00C04F79EFBC}") = "jeopardy_POLISHED", "jeopardy_POLISHED.csproj", "{1E034D12-9CF9-4F1B-977D-6A4D1D11C959}"
EndProject
Global
	GlobalSection(SolutionConfigurationPlatforms) = preSolution
		Debug|Any CPU = Debug|Any CPU
		Release|Any CPU = Release|Any CPU
	EndGlobalSection
	GlobalSection(ProjectConfigurationPlatforms) = postSolution
		{1E034D12-9CF9-4F1B-977D-6A4D1D11C959}.Debug|Any CPU.ActiveCfg = Debug|Any CPU
		{1E034D12-9CF9-4F1B-977D-6A4D1D11C959}.Debug|Any CPU.Build.0 = Debug|Any CPU
		{1E034D12-9CF9-4F1B-977D-6A4D1D11C959}.Release|Any CPU.ActiveCfg = Release|Any CPU
		{1E034D12-9CF9-4F1B-977D-6A4D1D11C959}.Release|Any CPU.Build.0 = Release|Any CPU
	EndGlobalSection
	GlobalSection(SolutionProperties) = preSolution
		HideSolutionNode = FALSE
	EndGlobalSection
	GlobalSection(ExtensibilityGlobals) = postSolution
		SolutionGuid = {EBE78185-82DB-4074-9394-800D0D598F16}
	EndGlobalSection
EndGlobal
